
Microsoft Visual Studio Solution File, Format Version 12.00
# Visual Studio Version 17
VisualStudioVersion = 17.4.33205.214
MinimumVisualStudioVersion = 10.0.40219.1
Project("{FAE04EC0-301F-11D3-BF4B-00C04F79EFBC}") = "EscolaModelo.Dados", "EscolaModelo.Dados\EscolaModelo.Dados.csproj", "{AA09AC78-2852-4917-9E5F-A05C81473E7B}"
EndProject
Project("{FAE04EC0-301F-11D3-BF4B-00C04F79EFBC}") = "EscolaModelo.Web", "EscolaModelo.Web\EscolaModelo.Web.csproj", "{1CE646CE-C93F-4732-8EEE-6E555F433185}"
EndProject
Global
	GlobalSection(SolutionConfigurationPlatforms) = preSolution
		Debug|Any CPU = Debug|Any CPU
		Release|Any CPU = Release|Any CPU
	EndGlobalSection
	GlobalSection(ProjectConfigurationPlatforms) = postSolution
		{AA09AC78-2852-4917-9E5F-A05C81473E7B}.Debug|Any CPU.ActiveCfg = Debug|Any CPU
		{AA09AC78-2852-4917-9E5F-A05C81473E7B}.Debug|Any CPU.Build.0 = Debug|Any CPU
		{AA09AC78-2852-4917-9E5F-A05C81473E7B}.Release|Any CPU.ActiveCfg = Release|Any CPU
		{AA09AC78-2852-4917-9E5F-A05C81473E7B}.Release|Any CPU.Build.0 = Release|Any CPU
		{1CE646CE-C93F-4732-8EEE-6E555F433185}.Debug|Any CPU.ActiveCfg = Debug|Any CPU
		{1CE646CE-C93F-4732-8EEE-6E555F433185}.Debug|Any CPU.Build.0 = Debug|Any CPU
		{1CE646CE-C93F-4732-8EEE-6E555F433185}.Release|Any CPU.ActiveCfg = Release|Any CPU
		{1CE646CE-C93F-4732-8EEE-6E555F433185}.Release|Any CPU.Build.0 = Release|Any CPU
	EndGlobalSection
	GlobalSection(SolutionProperties) = preSolution
		HideSolutionNode = FALSE
	EndGlobalSection
	GlobalSection(ExtensibilityGlobals) = postSolution
		SolutionGuid = {E48B67C8-F237-439A-8E2E-AF97D2F5B2AA}
	EndGlobalSection
EndGlobal
